
Microsoft Visual Studio Solution File, Format Version 12.00
# Visual Studio Version 17
VisualStudioVersion = 17.14.36401.2 d17.14
MinimumVisualStudioVersion = 10.0.40219.1
Project("{FAE04EC0-301F-11D3-BF4B-00C04F79EFBC}") = "codex-windows-desktop-client", "codex-windows-desktop-client.csproj", "{C32EB653-0558-4242-AA5A-A5BAF95BA0BA}"
EndProject
Global
	GlobalSection(SolutionConfigurationPlatforms) = preSolution
		Debug|Any CPU = Debug|Any CPU
		Release|Any CPU = Release|Any CPU
	EndGlobalSection
	GlobalSection(ProjectConfigurationPlatforms) = postSolution
		{C32EB653-0558-4242-AA5A-A5BAF95BA0BA}.Debug|Any CPU.ActiveCfg = Debug|Any CPU
		{C32EB653-0558-4242-AA5A-A5BAF95BA0BA}.Debug|Any CPU.Build.0 = Debug|Any CPU
		{C32EB653-0558-4242-AA5A-A5BAF95BA0BA}.Release|Any CPU.ActiveCfg = Release|Any CPU
		{C32EB653-0558-4242-AA5A-A5BAF95BA0BA}.Release|Any CPU.Build.0 = Release|Any CPU
	EndGlobalSection
	GlobalSection(SolutionProperties) = preSolution
		HideSolutionNode = FALSE
	EndGlobalSection
	GlobalSection(ExtensibilityGlobals) = postSolution
		SolutionGuid = {83418039-AC5D-417F-B7DC-1803BD98A1A5}
	EndGlobalSection
EndGlobal
